{
  "version": 4,
  "terraform_version": "1.8.4",
  "serial": 325,
  "lineage": "47075f9b-d04b-ce40-749d-1a7fed79b84f",
  "outputs": {},
  "resources": [
    {
      "module": "module.vpc",
      "mode": "managed",
      "type": "aws_internet_gateway",
      "name": "igw",
      "provider": "provider[\"registry.terraform.io/hashicorp/aws\"]",
      "instances": [
        {
          "schema_version": 0,
          "attributes": {
            "arn": "arn:aws:ec2:us-east-1:941434651743:internet-gateway/igw-08e8ff27b282a038a",
            "id": "igw-08e8ff27b282a038a",
            "owner_id": "941434651743",
            "tags": {
              "Name": "igw_vpc-aws_security_01-dev-virginia"
            },
            "tags_all": {
              "IAC": "Terraform",
              "IAC_Version": "1.3.6",
              "Name": "igw_vpc-aws_security_01-dev-virginia",
              "cloud": "aws",
              "env": "dev",
              "owner": "mvizuete",
              "project": "aws_security_01",
              "region": "virginia"
            },
            "timeouts": null,
            "vpc_id": "vpc-0c4d7125bfac5dfeb"
          },
          "sensitive_attributes": [],
          "private": "eyJlMmJmYjczMC1lY2FhLTExZTYtOGY4OC0zNDM2M2JjN2M0YzAiOnsiY3JlYXRlIjoxMjAwMDAwMDAwMDAwLCJkZWxldGUiOjEyMDAwMDAwMDAwMDAsInVwZGF0ZSI6MTIwMDAwMDAwMDAwMH19",
          "dependencies": [
            "module.vpc.aws_vpc.vpc"
          ]
        }
      ]
    },
    {
      "module": "module.vpc",
      "mode": "managed",
      "type": "aws_route_table",
      "name": "public_crt",
      "provider": "provider[\"registry.terraform.io/hashicorp/aws\"]",
      "instances": [
        {
          "schema_version": 0,
          "attributes": {
            "arn": "arn:aws:ec2:us-east-1:941434651743:route-table/rtb-08676f44958e4ca50",
            "id": "rtb-08676f44958e4ca50",
            "owner_id": "941434651743",
            "propagating_vgws": [],
            "route": [
              {
                "carrier_gateway_id": "",
                "cidr_block": "0.0.0.0/0",
                "core_network_arn": "",
                "destination_prefix_list_id": "",
                "egress_only_gateway_id": "",
                "gateway_id": "igw-08e8ff27b282a038a",
                "ipv6_cidr_block": "",
                "local_gateway_id": "",
                "nat_gateway_id": "",
                "network_interface_id": "",
                "transit_gateway_id": "",
                "vpc_endpoint_id": "",
                "vpc_peering_connection_id": ""
              }
            ],
            "tags": {
              "Name": "Public_crt-aws_security_01-dev-virginia"
            },
            "tags_all": {
              "IAC": "Terraform",
              "IAC_Version": "1.3.6",
              "Name": "Public_crt-aws_security_01-dev-virginia",
              "cloud": "aws",
              "env": "dev",
              "owner": "mvizuete",
              "project": "aws_security_01",
              "region": "virginia"
            },
            "timeouts": null,
            "vpc_id": "vpc-0c4d7125bfac5dfeb"
          },
          "sensitive_attributes": [],
          "private": "eyJlMmJmYjczMC1lY2FhLTExZTYtOGY4OC0zNDM2M2JjN2M0YzAiOnsiY3JlYXRlIjozMDAwMDAwMDAwMDAsImRlbGV0ZSI6MzAwMDAwMDAwMDAwLCJ1cGRhdGUiOjEyMDAwMDAwMDAwMH19",
          "dependencies": [
            "module.vpc.aws_internet_gateway.igw",
            "module.vpc.aws_vpc.vpc"
          ]
        }
      ]
    },
    {
      "module": "module.vpc",
      "mode": "managed",
      "type": "aws_route_table_association",
      "name": "crta_public_subnet",
      "provider": "provider[\"registry.terraform.io/hashicorp/aws\"]",
      "instances": [
        {
          "schema_version": 0,
          "attributes": {
            "gateway_id": "",
            "id": "rtbassoc-0f75d6dfc2475433b",
            "route_table_id": "rtb-08676f44958e4ca50",
            "subnet_id": "subnet-084e1a951d7e87686",
            "timeouts": null
          },
          "sensitive_attributes": [],
          "private": "eyJlMmJmYjczMC1lY2FhLTExZTYtOGY4OC0zNDM2M2JjN2M0YzAiOnsiY3JlYXRlIjozMDAwMDAwMDAwMDAsImRlbGV0ZSI6MzAwMDAwMDAwMDAwLCJ1cGRhdGUiOjEyMDAwMDAwMDAwMH19",
          "dependencies": [
            "module.vpc.aws_internet_gateway.igw",
            "module.vpc.aws_route_table.public_crt",
            "module.vpc.aws_subnet.public_subnet",
            "module.vpc.aws_vpc.vpc"
          ]
        }
      ]
    },
    {
      "module": "module.vpc",
      "mode": "managed",
      "type": "aws_security_group",
      "name": "sg_private_subnet",
      "provider": "provider[\"registry.terraform.io/hashicorp/aws\"]",
      "instances": [
        {
          "schema_version": 1,
          "attributes": {
            "arn": "arn:aws:ec2:us-east-1:941434651743:security-group/sg-0ccf8cbf439a517c4",
            "description": "Private Subnet Security Group",
            "egress": [],
            "id": "sg-0ccf8cbf439a517c4",
            "ingress": [],
            "name": "Public Private SG-aws_security_01-dev-virginia",
            "name_prefix": "",
            "owner_id": "941434651743",
            "revoke_rules_on_delete": false,
            "tags": {
              "Name": "Private Subnet SG-aws_security_01-dev-virginia"
            },
            "tags_all": {
              "IAC": "Terraform",
              "IAC_Version": "1.3.6",
              "Name": "Private Subnet SG-aws_security_01-dev-virginia",
              "cloud": "aws",
              "env": "dev",
              "owner": "mvizuete",
              "project": "aws_security_01",
              "region": "virginia"
            },
            "timeouts": null,
            "vpc_id": "vpc-0c4d7125bfac5dfeb"
          },
          "sensitive_attributes": [],
          "private": "eyJlMmJmYjczMC1lY2FhLTExZTYtOGY4OC0zNDM2M2JjN2M0YzAiOnsiY3JlYXRlIjo2MDAwMDAwMDAwMDAsImRlbGV0ZSI6OTAwMDAwMDAwMDAwfSwic2NoZW1hX3ZlcnNpb24iOiIxIn0=",
          "dependencies": [
            "module.vpc.aws_vpc.vpc"
          ]
        }
      ]
    },
    {
      "module": "module.vpc",
      "mode": "managed",
      "type": "aws_security_group",
      "name": "sg_public_subnet",
      "provider": "provider[\"registry.terraform.io/hashicorp/aws\"]",
      "instances": [
        {
          "schema_version": 1,
          "attributes": {
            "arn": "arn:aws:ec2:us-east-1:941434651743:security-group/sg-0544f037f6b5f960c",
            "description": "Public Subnet Security Group",
            "egress": [],
            "id": "sg-0544f037f6b5f960c",
            "ingress": [],
            "name": "Public Subnet SG-aws_security_01-dev-virginia",
            "name_prefix": "",
            "owner_id": "941434651743",
            "revoke_rules_on_delete": false,
            "tags": {
              "Name": "Public Subnet SG-aws_security_01-dev-virginia"
            },
            "tags_all": {
              "IAC": "Terraform",
              "IAC_Version": "1.3.6",
              "Name": "Public Subnet SG-aws_security_01-dev-virginia",
              "cloud": "aws",
              "env": "dev",
              "owner": "mvizuete",
              "project": "aws_security_01",
              "region": "virginia"
            },
            "timeouts": null,
            "vpc_id": "vpc-0c4d7125bfac5dfeb"
          },
          "sensitive_attributes": [],
          "private": "eyJlMmJmYjczMC1lY2FhLTExZTYtOGY4OC0zNDM2M2JjN2M0YzAiOnsiY3JlYXRlIjo2MDAwMDAwMDAwMDAsImRlbGV0ZSI6OTAwMDAwMDAwMDAwfSwic2NoZW1hX3ZlcnNpb24iOiIxIn0=",
          "dependencies": [
            "module.vpc.aws_vpc.vpc"
          ]
        }
      ]
    },
    {
      "module": "module.vpc",
      "mode": "managed",
      "type": "aws_subnet",
      "name": "private_subnet",
      "provider": "provider[\"registry.terraform.io/hashicorp/aws\"]",
      "instances": [
        {
          "schema_version": 1,
          "attributes": {
            "arn": "arn:aws:ec2:us-east-1:941434651743:subnet/subnet-0441043b0a9093338",
            "assign_ipv6_address_on_creation": false,
            "availability_zone": "us-east-1b",
            "availability_zone_id": "use1-az6",
            "cidr_block": "10.1.2.0/24",
            "customer_owned_ipv4_pool": "",
            "enable_dns64": false,
            "enable_lni_at_device_index": 0,
            "enable_resource_name_dns_a_record_on_launch": false,
            "enable_resource_name_dns_aaaa_record_on_launch": false,
            "id": "subnet-0441043b0a9093338",
            "ipv6_cidr_block": "",
            "ipv6_cidr_block_association_id": "",
            "ipv6_native": false,
            "map_customer_owned_ip_on_launch": false,
            "map_public_ip_on_launch": false,
            "outpost_arn": "",
            "owner_id": "941434651743",
            "private_dns_hostname_type_on_launch": "ip-name",
            "tags": {
              "Name": "Private_Subnet-aws_security_01-dev-virginia"
            },
            "tags_all": {
              "IAC": "Terraform",
              "IAC_Version": "1.3.6",
              "Name": "Private_Subnet-aws_security_01-dev-virginia",
              "cloud": "aws",
              "env": "dev",
              "owner": "mvizuete",
              "project": "aws_security_01",
              "region": "virginia"
            },
            "timeouts": null,
            "vpc_id": "vpc-0c4d7125bfac5dfeb"
          },
          "sensitive_attributes": [],
          "private": "eyJlMmJmYjczMC1lY2FhLTExZTYtOGY4OC0zNDM2M2JjN2M0YzAiOnsiY3JlYXRlIjo2MDAwMDAwMDAwMDAsImRlbGV0ZSI6MTIwMDAwMDAwMDAwMH0sInNjaGVtYV92ZXJzaW9uIjoiMSJ9",
          "dependencies": [
            "module.vpc.aws_vpc.vpc"
          ]
        }
      ]
    },
    {
      "module": "module.vpc",
      "mode": "managed",
      "type": "aws_subnet",
      "name": "public_subnet",
      "provider": "provider[\"registry.terraform.io/hashicorp/aws\"]",
      "instances": [
        {
          "schema_version": 1,
          "attributes": {
            "arn": "arn:aws:ec2:us-east-1:941434651743:subnet/subnet-084e1a951d7e87686",
            "assign_ipv6_address_on_creation": false,
            "availability_zone": "us-east-1a",
            "availability_zone_id": "use1-az4",
            "cidr_block": "10.1.1.0/24",
            "customer_owned_ipv4_pool": "",
            "enable_dns64": false,
            "enable_lni_at_device_index": 0,
            "enable_resource_name_dns_a_record_on_launch": false,
            "enable_resource_name_dns_aaaa_record_on_launch": false,
            "id": "subnet-084e1a951d7e87686",
            "ipv6_cidr_block": "",
            "ipv6_cidr_block_association_id": "",
            "ipv6_native": false,
            "map_customer_owned_ip_on_launch": false,
            "map_public_ip_on_launch": true,
            "outpost_arn": "",
            "owner_id": "941434651743",
            "private_dns_hostname_type_on_launch": "ip-name",
            "tags": {
              "Name": "Public_Subnet-aws_security_01-dev-virginia"
            },
            "tags_all": {
              "IAC": "Terraform",
              "IAC_Version": "1.3.6",
              "Name": "Public_Subnet-aws_security_01-dev-virginia",
              "cloud": "aws",
              "env": "dev",
              "owner": "mvizuete",
              "project": "aws_security_01",
              "region": "virginia"
            },
            "timeouts": null,
            "vpc_id": "vpc-0c4d7125bfac5dfeb"
          },
          "sensitive_attributes": [],
          "private": "eyJlMmJmYjczMC1lY2FhLTExZTYtOGY4OC0zNDM2M2JjN2M0YzAiOnsiY3JlYXRlIjo2MDAwMDAwMDAwMDAsImRlbGV0ZSI6MTIwMDAwMDAwMDAwMH0sInNjaGVtYV92ZXJzaW9uIjoiMSJ9",
          "dependencies": [
            "module.vpc.aws_vpc.vpc"
          ]
        }
      ]
    },
    {
      "module": "module.vpc",
      "mode": "managed",
      "type": "aws_vpc",
      "name": "vpc",
      "provider": "provider[\"registry.terraform.io/hashicorp/aws\"]",
      "instances": [
        {
          "schema_version": 1,
          "attributes": {
            "arn": "arn:aws:ec2:us-east-1:941434651743:vpc/vpc-0c4d7125bfac5dfeb",
            "assign_generated_ipv6_cidr_block": false,
            "cidr_block": "10.1.0.0/16",
            "default_network_acl_id": "acl-0ec0b2932e869e0e2",
            "default_route_table_id": "rtb-0be87268cdfa472c1",
            "default_security_group_id": "sg-0b8425e9cb8f56a08",
            "dhcp_options_id": "dopt-072044fe87e8f819f",
            "enable_dns_hostnames": true,
            "enable_dns_support": true,
            "enable_network_address_usage_metrics": false,
            "id": "vpc-0c4d7125bfac5dfeb",
            "instance_tenancy": "default",
            "ipv4_ipam_pool_id": null,
            "ipv4_netmask_length": null,
            "ipv6_association_id": "",
            "ipv6_cidr_block": "",
            "ipv6_cidr_block_network_border_group": "",
            "ipv6_ipam_pool_id": "",
            "ipv6_netmask_length": 0,
            "main_route_table_id": "rtb-0be87268cdfa472c1",
            "owner_id": "941434651743",
            "tags": {
              "Name": "VPC-aws_security_01-dev-virginia"
            },
            "tags_all": {
              "IAC": "Terraform",
              "IAC_Version": "1.3.6",
              "Name": "VPC-aws_security_01-dev-virginia",
              "cloud": "aws",
              "env": "dev",
              "owner": "mvizuete",
              "project": "aws_security_01",
              "region": "virginia"
            }
          },
          "sensitive_attributes": [],
          "private": "eyJzY2hlbWFfdmVyc2lvbiI6IjEifQ=="
        }
      ]
    },
    {
      "module": "module.vpc",
      "mode": "managed",
      "type": "aws_vpc_security_group_egress_rule",
      "name": "allow_all_egress_traffic_ipv4",
      "provider": "provider[\"registry.terraform.io/hashicorp/aws\"]",
      "instances": [
        {
          "schema_version": 0,
          "attributes": {
            "arn": "arn:aws:ec2:us-east-1:941434651743:security-group-rule/sgr-04edca4808c5a3daa",
            "cidr_ipv4": "0.0.0.0/0",
            "cidr_ipv6": null,
            "description": null,
            "from_port": null,
            "id": "sgr-04edca4808c5a3daa",
            "ip_protocol": "-1",
            "prefix_list_id": null,
            "referenced_security_group_id": null,
            "security_group_id": "sg-0544f037f6b5f960c",
            "security_group_rule_id": "sgr-04edca4808c5a3daa",
            "tags": {
              "Name": "Allow all ipv4 traffic to every whare egress rule-aws_security_01-dev-virginia"
            },
            "tags_all": {
              "IAC": "Terraform",
              "IAC_Version": "1.3.6",
              "Name": "Allow all ipv4 traffic to every whare egress rule-aws_security_01-dev-virginia",
              "cloud": "aws",
              "env": "dev",
              "owner": "mvizuete",
              "project": "aws_security_01",
              "region": "virginia"
            },
            "to_port": null
          },
          "sensitive_attributes": [],
          "dependencies": [
            "module.vpc.aws_security_group.sg_public_subnet",
            "module.vpc.aws_vpc.vpc"
          ]
        }
      ]
    },
    {
      "module": "module.vpc",
      "mode": "managed",
      "type": "aws_vpc_security_group_egress_rule",
      "name": "allow_all_traffic_to_public_subnet",
      "provider": "provider[\"registry.terraform.io/hashicorp/aws\"]",
      "instances": [
        {
          "schema_version": 0,
          "attributes": {
            "arn": "arn:aws:ec2:us-east-1:941434651743:security-group-rule/sgr-085b08e5d6e22c357",
            "cidr_ipv4": "10.1.1.0/24",
            "cidr_ipv6": null,
            "description": null,
            "from_port": null,
            "id": "sgr-085b08e5d6e22c357",
            "ip_protocol": "-1",
            "prefix_list_id": null,
            "referenced_security_group_id": null,
            "security_group_id": "sg-0ccf8cbf439a517c4",
            "security_group_rule_id": "sgr-085b08e5d6e22c357",
            "tags": {
              "Name": "Allow all traffic from public subnet egress rule-aws_security_01-dev-virginia"
            },
            "tags_all": {
              "IAC": "Terraform",
              "IAC_Version": "1.3.6",
              "Name": "Allow all traffic from public subnet egress rule-aws_security_01-dev-virginia",
              "cloud": "aws",
              "env": "dev",
              "owner": "mvizuete",
              "project": "aws_security_01",
              "region": "virginia"
            },
            "to_port": null
          },
          "sensitive_attributes": [],
          "dependencies": [
            "module.vpc.aws_security_group.sg_private_subnet",
            "module.vpc.aws_vpc.vpc"
          ]
        }
      ]
    },
    {
      "module": "module.vpc",
      "mode": "managed",
      "type": "aws_vpc_security_group_ingress_rule",
      "name": "allow_all_ingress_traffic_in_public_subnet",
      "provider": "provider[\"registry.terraform.io/hashicorp/aws\"]",
      "instances": [
        {
          "schema_version": 0,
          "attributes": {
            "arn": "arn:aws:ec2:us-east-1:941434651743:security-group-rule/sgr-040d01420549e050d",
            "cidr_ipv4": "10.1.2.0/24",
            "cidr_ipv6": null,
            "description": null,
            "from_port": null,
            "id": "sgr-040d01420549e050d",
            "ip_protocol": "-1",
            "prefix_list_id": null,
            "referenced_security_group_id": null,
            "security_group_id": "sg-0544f037f6b5f960c",
            "security_group_rule_id": "sgr-040d01420549e050d",
            "tags": {
              "Name": "Allow all ipv4 traffic from private subnet ingress rule-aws_security_01-dev-virginia"
            },
            "tags_all": {
              "IAC": "Terraform",
              "IAC_Version": "1.3.6",
              "Name": "Allow all ipv4 traffic from private subnet ingress rule-aws_security_01-dev-virginia",
              "cloud": "aws",
              "env": "dev",
              "owner": "mvizuete",
              "project": "aws_security_01",
              "region": "virginia"
            },
            "to_port": null
          },
          "sensitive_attributes": [],
          "dependencies": [
            "module.vpc.aws_security_group.sg_public_subnet",
            "module.vpc.aws_vpc.vpc"
          ]
        }
      ]
    },
    {
      "module": "module.vpc",
      "mode": "managed",
      "type": "aws_vpc_security_group_ingress_rule",
      "name": "allow_all_traffic_from_public_subnet",
      "provider": "provider[\"registry.terraform.io/hashicorp/aws\"]",
      "instances": [
        {
          "schema_version": 0,
          "attributes": {
            "arn": "arn:aws:ec2:us-east-1:941434651743:security-group-rule/sgr-0923fe8201160c564",
            "cidr_ipv4": "10.1.1.0/24",
            "cidr_ipv6": null,
            "description": null,
            "from_port": null,
            "id": "sgr-0923fe8201160c564",
            "ip_protocol": "-1",
            "prefix_list_id": null,
            "referenced_security_group_id": null,
            "security_group_id": "sg-0ccf8cbf439a517c4",
            "security_group_rule_id": "sgr-0923fe8201160c564",
            "tags": {
              "Name": "Allow all traffic from public subnet ingress rule-aws_security_01-dev-virginia"
            },
            "tags_all": {
              "IAC": "Terraform",
              "IAC_Version": "1.3.6",
              "Name": "Allow all traffic from public subnet ingress rule-aws_security_01-dev-virginia",
              "cloud": "aws",
              "env": "dev",
              "owner": "mvizuete",
              "project": "aws_security_01",
              "region": "virginia"
            },
            "to_port": null
          },
          "sensitive_attributes": [],
          "dependencies": [
            "module.vpc.aws_security_group.sg_private_subnet",
            "module.vpc.aws_vpc.vpc"
          ]
        }
      ]
    },
    {
      "module": "module.vpc",
      "mode": "managed",
      "type": "aws_vpc_security_group_ingress_rule",
      "name": "allow_ssh_ingress_traffic_ipv4",
      "provider": "provider[\"registry.terraform.io/hashicorp/aws\"]",
      "instances": [
        {
          "schema_version": 0,
          "attributes": {
            "arn": "arn:aws:ec2:us-east-1:941434651743:security-group-rule/sgr-0660bb12ba4508483",
            "cidr_ipv4": "0.0.0.0/0",
            "cidr_ipv6": null,
            "description": null,
            "from_port": 22,
            "id": "sgr-0660bb12ba4508483",
            "ip_protocol": "tcp",
            "prefix_list_id": null,
            "referenced_security_group_id": null,
            "security_group_id": "sg-0544f037f6b5f960c",
            "security_group_rule_id": "sgr-0660bb12ba4508483",
            "tags": {
              "Name": "Allow SSH traffic from sg_ingress_cidr ingress rule-aws_security_01-dev-virginia"
            },
            "tags_all": {
              "IAC": "Terraform",
              "IAC_Version": "1.3.6",
              "Name": "Allow SSH traffic from sg_ingress_cidr ingress rule-aws_security_01-dev-virginia",
              "cloud": "aws",
              "env": "dev",
              "owner": "mvizuete",
              "project": "aws_security_01",
              "region": "virginia"
            },
            "to_port": 22
          },
          "sensitive_attributes": [],
          "dependencies": [
            "module.vpc.aws_security_group.sg_public_subnet",
            "module.vpc.aws_vpc.vpc"
          ]
        }
      ]
    }
  ],
  "check_results": null
}
